
Microsoft Visual Studio Solution File, Format Version 12.00
# Visual Studio 15
VisualStudioVersion = 15.0.25920.0
MinimumVisualStudioVersion = 10.0.40219.1
Project("{FAE04EC0-301F-11D3-BF4B-00C04F79EFBC}") = "TestApp1iOS", "TestApp1iOS\TestApp1iOS.csproj", "{1A174B6B-2784-4976-82A0-305A8DF88F94}"
EndProject
Global
	GlobalSection(SolutionConfigurationPlatforms) = preSolution
		Debug|Any CPU = Debug|Any CPU
		Debug|iPhone = Debug|iPhone
		Debug|iPhoneSimulator = Debug|iPhoneSimulator
		Release|Any CPU = Release|Any CPU
		Release|iPhone = Release|iPhone
		Release|iPhoneSimulator = Release|iPhoneSimulator
	EndGlobalSection
	GlobalSection(ProjectConfigurationPlatforms) = postSolution
		{1A174B6B-2784-4976-82A0-305A8DF88F94}.Debug|Any CPU.ActiveCfg = Debug|iPhone
		{1A174B6B-2784-4976-82A0-305A8DF88F94}.Debug|iPhone.ActiveCfg = Debug|iPhone
		{1A174B6B-2784-4976-82A0-305A8DF88F94}.Debug|iPhone.Build.0 = Debug|iPhone
		{1A174B6B-2784-4976-82A0-305A8DF88F94}.Debug|iPhoneSimulator.ActiveCfg = Debug|iPhoneSimulator
		{1A174B6B-2784-4976-82A0-305A8DF88F94}.Debug|iPhoneSimulator.Build.0 = Debug|iPhoneSimulator
		{1A174B6B-2784-4976-82A0-305A8DF88F94}.Release|Any CPU.ActiveCfg = Release|iPhone
		{1A174B6B-2784-4976-82A0-305A8DF88F94}.Release|iPhone.ActiveCfg = Release|iPhone
		{1A174B6B-2784-4976-82A0-305A8DF88F94}.Release|iPhone.Build.0 = Release|iPhone
		{1A174B6B-2784-4976-82A0-305A8DF88F94}.Release|iPhoneSimulator.ActiveCfg = Release|iPhoneSimulator
		{1A174B6B-2784-4976-82A0-305A8DF88F94}.Release|iPhoneSimulator.Build.0 = Release|iPhoneSimulator
	EndGlobalSection
	GlobalSection(SolutionProperties) = preSolution
		HideSolutionNode = FALSE
	EndGlobalSection
EndGlobal
